{
  "name": "tribes-revengeance-stats",
  "requires": true,
  "lockfileVersion": 1,
  "dependencies": {
    "@types/bson": {
      "version": "1.0.11",
      "resolved": "https://registry.npmjs.org/@types/bson/-/bson-1.0.11.tgz",
      "integrity": "sha512-j+UcCWI+FsbI5/FQP/Kj2CXyplWAz39ktHFkXk84h7dNblKRSoNJs95PZFRd96NQGqsPEPgeclqnznWZr14ZDA==",
      "dev": true,
      "requires": {
        "@types/node": "10.7.1"
      }
    },
    "@types/events": {
      "version": "1.2.0",
      "resolved": "https://registry.npmjs.org/@types/events/-/events-1.2.0.tgz",
      "integrity": "sha512-KEIlhXnIutzKwRbQkGWb/I4HFqBuUykAdHgDED6xqwXJfONCjF5VoE0cXEiurh3XauygxzeDzgtXUqvLkxFzzA==",
      "dev": true
    },
    "@types/mongodb": {
      "version": "3.1.4",
      "resolved": "https://registry.npmjs.org/@types/mongodb/-/mongodb-3.1.4.tgz",
      "integrity": "sha512-C6vVOp2DzYiWpn0u+FuzHgkV1YdGlnLJfav8I2sKnOxSKxuLkzkZhNu7G4BWndKgujdDxgkECHhW+f6/wi+Exg==",
      "dev": true,
      "requires": {
        "@types/bson": "1.0.11",
        "@types/events": "1.2.0",
        "@types/node": "10.7.1"
      }
    },
    "@types/mongoose": {
      "version": "5.2.6",
      "resolved": "https://registry.npmjs.org/@types/mongoose/-/mongoose-5.2.6.tgz",
      "integrity": "sha512-4TDDqyUBW/K8blTp9PF5OEpEJ73rn7pZRUE0yKbjiV8wUjydiJWO+BuJDzjoMznjsa5PY/yTQO2RXAtIrCGU3w==",
      "dev": true,
      "requires": {
        "@types/events": "1.2.0",
        "@types/mongodb": "3.1.4",
        "@types/node": "10.7.1"
      }
    },
    "@types/node": {
      "version": "10.7.1",
      "resolved": "https://registry.npmjs.org/@types/node/-/node-10.7.1.tgz",
      "integrity": "sha512-EGoI4ylB/lPOaqXqtzAyL8HcgOuCtH2hkEaLmkueOYufsTFWBn4VCvlCDC2HW8Q+9iF+QVC3sxjDKQYjHQeZ9w==",
      "dev": true
    },
    "@types/qs": {
      "version": "6.5.1",
      "resolved": "https://registry.npmjs.org/@types/qs/-/qs-6.5.1.tgz",
      "integrity": "sha512-mNhVdZHdtKHMMxbqzNK3RzkBcN1cux3AvuCYGTvjEIQT2uheH3eCAyYsbMbh2Bq8nXkeOWs1kyDiF7geWRFQ4Q==",
      "dev": true
    }
  }
}
